// !$*UTF8*$!
{
	archiveVersion = 1;
	classes = {
	};
	objectVersion = 46;
	objects = {

/* Begin PBXBuildFile section */
		C70C20FA13D1AB5300FEA359 /* MessageUI.framework in Frameworks */ = {isa = PBXBuildFile; fileRef = C70C20F913D1AB5300FEA359 /* MessageUI.framework */; };
		C711EC8E13C47C6D0099EAAA /* PAPhotoInfo.m in Sources */ = {isa = PBXBuildFile; fileRef = C711EC8D13C47C6D0099EAAA /* PAPhotoInfo.m */; };
		C711ECC813C4E7450099EAAA /* ImageIO.framework in Frameworks */ = {isa = PBXBuildFile; fileRef = C711ECC713C4E7450099EAAA /* ImageIO.framework */; };
		C72092F313C61ABB00397C66 /* PANetworkController.m in Sources */ = {isa = PBXBuildFile; fileRef = C72092F213C61ABB00397C66 /* PANetworkController.m */; };
		C720930313C843B600397C66 /* SystemConfiguration.framework in Frameworks */ = {isa = PBXBuildFile; fileRef = C720930213C843B500397C66 /* SystemConfiguration.framework */; };
		C720930513C88C2C00397C66 /* Download.png in Resources */ = {isa = PBXBuildFile; fileRef = C720930413C88C2C00397C66 /* Download.png */; };
		C736C25913DB7E17008E12CC /* libBMKit.a in Frameworks */ = {isa = PBXBuildFile; fileRef = C711EC5813C109F10099EAAA /* libBMKit.a */; };
		C742314E13C8C01000774CD1 /* Warning.png in Resources */ = {isa = PBXBuildFile; fileRef = C742314C13C8C01000774CD1 /* Warning.png */; };
		C742314F13C8C01000774CD1 /* Warning@2x.png in Resources */ = {isa = PBXBuildFile; fileRef = C742314D13C8C01000774CD1 /* Warning@2x.png */; };
		C742318A13CA005300774CD1 /* PAInfoViewController.m in Sources */ = {isa = PBXBuildFile; fileRef = C742318813CA005300774CD1 /* PAInfoViewController.m */; };
		C742318F13CA17A800774CD1 /* Screenshot@2x.png in Resources */ = {isa = PBXBuildFile; fileRef = C742318E13CA17A800774CD1 /* Screenshot@2x.png */; };
		C742319113CA1A0900774CD1 /* Screenshot.png in Resources */ = {isa = PBXBuildFile; fileRef = C742319013CA1A0900774CD1 /* Screenshot.png */; };
		C74597D413DE08B900357B27 /* InfoViewController.xib in Resources */ = {isa = PBXBuildFile; fileRef = C74597D613DE08B900357B27 /* InfoViewController.xib */; };
		C74E7DFF13D0D0A600518E31 /* Default@2x.png in Resources */ = {isa = PBXBuildFile; fileRef = C74E7DFE13D0D0A600518E31 /* Default@2x.png */; };
		C74E7E0113D0D15600518E31 /* Default.png in Resources */ = {isa = PBXBuildFile; fileRef = C74E7E0013D0D15600518E31 /* Default.png */; };
		C7595A2413B7C1D0001219F6 /* Logo.png in Resources */ = {isa = PBXBuildFile; fileRef = C7595A2213B7C1D0001219F6 /* Logo.png */; };
		C7595A2513B7C1D0001219F6 /* Logo@2x.png in Resources */ = {isa = PBXBuildFile; fileRef = C7595A2313B7C1D0001219F6 /* Logo@2x.png */; };
		C7595A2C13B7C6D6001219F6 /* ImageBackground.png in Resources */ = {isa = PBXBuildFile; fileRef = C7595A2813B7C6D6001219F6 /* ImageBackground.png */; };
		C7595A2D13B7C6D6001219F6 /* ImageBackground@2x.png in Resources */ = {isa = PBXBuildFile; fileRef = C7595A2913B7C6D6001219F6 /* ImageBackground@2x.png */; };
		C7595A3013B87685001219F6 /* CoreGraphics.framework in Frameworks */ = {isa = PBXBuildFile; fileRef = C7595A2F13B87685001219F6 /* CoreGraphics.framework */; };
		C7595A3213B8768A001219F6 /* MobileCoreServices.framework in Frameworks */ = {isa = PBXBuildFile; fileRef = C7595A3113B8768A001219F6 /* MobileCoreServices.framework */; };
		C77A255A13DDE04100887011 /* Localizable.strings in Resources */ = {isa = PBXBuildFile; fileRef = C77A255813DDE04100887011 /* Localizable.strings */; };
		C77A255C13DE036C00887011 /* RootViewController.xib in Resources */ = {isa = PBXBuildFile; fileRef = C77A255E13DE036C00887011 /* RootViewController.xib */; };
		C792403713B723E4007BEB31 /* UIKit.framework in Frameworks */ = {isa = PBXBuildFile; fileRef = C792403613B723E4007BEB31 /* UIKit.framework */; };
		C792403913B723E4007BEB31 /* Foundation.framework in Frameworks */ = {isa = PBXBuildFile; fileRef = C792403813B723E4007BEB31 /* Foundation.framework */; };
		C792404413B723E4007BEB31 /* main.m in Sources */ = {isa = PBXBuildFile; fileRef = C792404313B723E4007BEB31 /* main.m */; };
		C792404713B723E4007BEB31 /* PAController.m in Sources */ = {isa = PBXBuildFile; fileRef = C792404613B723E4007BEB31 /* PAController.m */; };
		C792406F13B7380F007BEB31 /* PARootViewController.m in Sources */ = {isa = PBXBuildFile; fileRef = C792406D13B7380F007BEB31 /* PARootViewController.m */; };
		C792407613B78C69007BEB31 /* QuartzCore.framework in Frameworks */ = {isa = PBXBuildFile; fileRef = C792407513B78C69007BEB31 /* QuartzCore.framework */; };
		C792407813B7991A007BEB31 /* Photos.png in Resources */ = {isa = PBXBuildFile; fileRef = C792407713B7991A007BEB31 /* Photos.png */; };
		C792407A13B79AB8007BEB31 /* Photos@2x.png in Resources */ = {isa = PBXBuildFile; fileRef = C792407913B79AB8007BEB31 /* Photos@2x.png */; };
		C7B64F0813D09FDF00765C57 /* Icon-Small.png in Resources */ = {isa = PBXBuildFile; fileRef = C7B64F0113D09FDF00765C57 /* Icon-Small.png */; };
		C7B64F0913D09FDF00765C57 /* Icon-Small@2x.png in Resources */ = {isa = PBXBuildFile; fileRef = C7B64F0213D09FDF00765C57 /* Icon-Small@2x.png */; };
		C7B64F0A13D09FDF00765C57 /* Icon.png in Resources */ = {isa = PBXBuildFile; fileRef = C7B64F0313D09FDF00765C57 /* Icon.png */; };
		C7B64F0B13D09FDF00765C57 /* Icon@2x.png in Resources */ = {isa = PBXBuildFile; fileRef = C7B64F0413D09FDF00765C57 /* Icon@2x.png */; };
		C7E06A3313BCE8A0001E3999 /* PAConnection.m in Sources */ = {isa = PBXBuildFile; fileRef = C7E06A3213BCE8A0001E3999 /* PAConnection.m */; };
		C7E535E313B8F369005F6F07 /* CFNetwork.framework in Frameworks */ = {isa = PBXBuildFile; fileRef = C7E535E213B8F369005F6F07 /* CFNetwork.framework */; };
		C7E535E513B90039005F6F07 /* Web in Resources */ = {isa = PBXBuildFile; fileRef = C7E535E413B90039005F6F07 /* Web */; };
		C7EB6DE513ED516E0040AE5C /* libCocoaHTTPServerCore-iOS.a in Frameworks */ = {isa = PBXBuildFile; fileRef = C7EB6DE213ED51440040AE5C /* libCocoaHTTPServerCore-iOS.a */; };
		C7F1F34313BF45B100F1DED1 /* PAPhotoResponse.m in Sources */ = {isa = PBXBuildFile; fileRef = C7F1F34213BF45B100F1DED1 /* PAPhotoResponse.m */; };
/* End PBXBuildFile section */

/* Begin PBXContainerItemProxy section */
		C711EC5713C109F10099EAAA /* PBXContainerItemProxy */ = {
			isa = PBXContainerItemProxy;
			containerPortal = C711EC5013C109F00099EAAA /* BMKit.xcodeproj */;
			proxyType = 2;
			remoteGlobalIDString = C7F1F36013C05D0D00F1DED1;
			remoteInfo = BMKit;
		};
		C711EC5913C10A060099EAAA /* PBXContainerItemProxy */ = {
			isa = PBXContainerItemProxy;
			containerPortal = C711EC5013C109F00099EAAA /* BMKit.xcodeproj */;
			proxyType = 1;
			remoteGlobalIDString = C7F1F35F13C05D0D00F1DED1;
			remoteInfo = BMKit;
		};
		C7EB6DE113ED51440040AE5C /* PBXContainerItemProxy */ = {
			isa = PBXContainerItemProxy;
			containerPortal = C7EB6DDA13ED51430040AE5C /* cocoahttpserver.xcodeproj */;
			proxyType = 2;
			remoteGlobalIDString = C7A1AB8713ED46B700CFDFD0;
			remoteInfo = "CocoaHTTPServerCore-iOS";
		};
		C7EB6DE313ED51640040AE5C /* PBXContainerItemProxy */ = {
			isa = PBXContainerItemProxy;
			containerPortal = C7EB6DDA13ED51430040AE5C /* cocoahttpserver.xcodeproj */;
			proxyType = 1;
			remoteGlobalIDString = C7A1AB8613ED46B700CFDFD0;
			remoteInfo = "CocoaHTTPServerCore-iOS";
		};
/* End PBXContainerItemProxy section */

/* Begin PBXFileReference section */
		C70C20F913D1AB5300FEA359 /* MessageUI.framework */ = {isa = PBXFileReference; lastKnownFileType = wrapper.framework; name = MessageUI.framework; path = System/Library/Frameworks/MessageUI.framework; sourceTree = SDKROOT; };
		C711EC5013C109F00099EAAA /* BMKit.xcodeproj */ = {isa = PBXFileReference; lastKnownFileType = "wrapper.pb-project"; name = BMKit.xcodeproj; path = BMKit/BMKit.xcodeproj; sourceTree = "<group>"; };
		C711EC8C13C47C6D0099EAAA /* PAPhotoInfo.h */ = {isa = PBXFileReference; fileEncoding = 4; lastKnownFileType = sourcecode.c.h; path = PAPhotoInfo.h; sourceTree = "<group>"; };
		C711EC8D13C47C6D0099EAAA /* PAPhotoInfo.m */ = {isa = PBXFileReference; fileEncoding = 4; lastKnownFileType = sourcecode.c.objc; path = PAPhotoInfo.m; sourceTree = "<group>"; };
		C711ECC713C4E7450099EAAA /* ImageIO.framework */ = {isa = PBXFileReference; lastKnownFileType = wrapper.framework; name = ImageIO.framework; path = System/Library/Frameworks/ImageIO.framework; sourceTree = SDKROOT; };
		C72092F113C61ABB00397C66 /* PANetworkController.h */ = {isa = PBXFileReference; fileEncoding = 4; lastKnownFileType = sourcecode.c.h; path = PANetworkController.h; sourceTree = "<group>"; };
		C72092F213C61ABB00397C66 /* PANetworkController.m */ = {isa = PBXFileReference; fileEncoding = 4; lastKnownFileType = sourcecode.c.objc; path = PANetworkController.m; sourceTree = "<group>"; };
		C720930213C843B500397C66 /* SystemConfiguration.framework */ = {isa = PBXFileReference; lastKnownFileType = wrapper.framework; name = SystemConfiguration.framework; path = System/Library/Frameworks/SystemConfiguration.framework; sourceTree = SDKROOT; };
		C720930413C88C2C00397C66 /* Download.png */ = {isa = PBXFileReference; lastKnownFileType = image.png; path = Download.png; sourceTree = "<group>"; };
		C742314C13C8C01000774CD1 /* Warning.png */ = {isa = PBXFileReference; lastKnownFileType = image.png; path = Warning.png; sourceTree = "<group>"; };
		C742314D13C8C01000774CD1 /* Warning@2x.png */ = {isa = PBXFileReference; lastKnownFileType = image.png; path = "Warning@2x.png"; sourceTree = "<group>"; };
		C742318713CA005300774CD1 /* PAInfoViewController.h */ = {isa = PBXFileReference; fileEncoding = 4; lastKnownFileType = sourcecode.c.h; path = PAInfoViewController.h; sourceTree = "<group>"; };
		C742318813CA005300774CD1 /* PAInfoViewController.m */ = {isa = PBXFileReference; fileEncoding = 4; lastKnownFileType = sourcecode.c.objc; path = PAInfoViewController.m; sourceTree = "<group>"; };
		C742318E13CA17A800774CD1 /* Screenshot@2x.png */ = {isa = PBXFileReference; lastKnownFileType = image.png; path = "Screenshot@2x.png"; sourceTree = "<group>"; };
		C742319013CA1A0900774CD1 /* Screenshot.png */ = {isa = PBXFileReference; lastKnownFileType = image.png; path = Screenshot.png; sourceTree = "<group>"; };
		C74597D513DE08B900357B27 /* en */ = {isa = PBXFileReference; lastKnownFileType = file.xib; name = en; path = en.lproj/InfoViewController.xib; sourceTree = "<group>"; };
		C74597D713DE08DB00357B27 /* de */ = {isa = PBXFileReference; lastKnownFileType = file.xib; name = de; path = de.lproj/InfoViewController.xib; sourceTree = "<group>"; };
		C74E7DFE13D0D0A600518E31 /* Default@2x.png */ = {isa = PBXFileReference; lastKnownFileType = image.png; path = "Default@2x.png"; sourceTree = "<group>"; };
		C74E7E0013D0D15600518E31 /* Default.png */ = {isa = PBXFileReference; lastKnownFileType = image.png; path = Default.png; sourceTree = "<group>"; };
		C7595A2213B7C1D0001219F6 /* Logo.png */ = {isa = PBXFileReference; lastKnownFileType = image.png; path = Logo.png; sourceTree = "<group>"; };
		C7595A2313B7C1D0001219F6 /* Logo@2x.png */ = {isa = PBXFileReference; lastKnownFileType = image.png; path = "Logo@2x.png"; sourceTree = "<group>"; };
		C7595A2813B7C6D6001219F6 /* ImageBackground.png */ = {isa = PBXFileReference; lastKnownFileType = image.png; path = ImageBackground.png; sourceTree = "<group>"; };
		C7595A2913B7C6D6001219F6 /* ImageBackground@2x.png */ = {isa = PBXFileReference; lastKnownFileType = image.png; path = "ImageBackground@2x.png"; sourceTree = "<group>"; };
		C7595A2F13B87685001219F6 /* CoreGraphics.framework */ = {isa = PBXFileReference; lastKnownFileType = wrapper.framework; name = CoreGraphics.framework; path = System/Library/Frameworks/CoreGraphics.framework; sourceTree = SDKROOT; };
		C7595A3113B8768A001219F6 /* MobileCoreServices.framework */ = {isa = PBXFileReference; lastKnownFileType = wrapper.framework; name = MobileCoreServices.framework; path = System/Library/Frameworks/MobileCoreServices.framework; sourceTree = SDKROOT; };
		C77A255913DDE04100887011 /* en */ = {isa = PBXFileReference; fileEncoding = 10; lastKnownFileType = text.plist.strings; name = en; path = en.lproj/Localizable.strings; sourceTree = "<group>"; };
		C77A255B13DDE05700887011 /* de */ = {isa = PBXFileReference; fileEncoding = 10; lastKnownFileType = text.plist.strings; name = de; path = de.lproj/Localizable.strings; sourceTree = "<group>"; };
		C77A255D13DE036C00887011 /* en */ = {isa = PBXFileReference; lastKnownFileType = file.xib; name = en; path = en.lproj/RootViewController.xib; sourceTree = "<group>"; };
		C77A255F13DE061F00887011 /* de */ = {isa = PBXFileReference; lastKnownFileType = file.xib; name = de; path = de.lproj/RootViewController.xib; sourceTree = "<group>"; };
		C792403213B723E4007BEB31 /* PhotoAccess.app */ = {isa = PBXFileReference; explicitFileType = wrapper.application; includeInIndex = 0; path = PhotoAccess.app; sourceTree = BUILT_PRODUCTS_DIR; };
		C792403613B723E4007BEB31 /* UIKit.framework */ = {isa = PBXFileReference; lastKnownFileType = wrapper.framework; name = UIKit.framework; path = System/Library/Frameworks/UIKit.framework; sourceTree = SDKROOT; };
		C792403813B723E4007BEB31 /* Foundation.framework */ = {isa = PBXFileReference; lastKnownFileType = wrapper.framework; name = Foundation.framework; path = System/Library/Frameworks/Foundation.framework; sourceTree = SDKROOT; };
		C792403E13B723E4007BEB31 /* Info.plist */ = {isa = PBXFileReference; lastKnownFileType = text.plist.xml; path = Info.plist; sourceTree = "<group>"; };
		C792404213B723E4007BEB31 /* PhotoAccess-Prefix.pch */ = {isa = PBXFileReference; lastKnownFileType = sourcecode.c.h; path = "PhotoAccess-Prefix.pch"; sourceTree = "<group>"; };
		C792404313B723E4007BEB31 /* main.m */ = {isa = PBXFileReference; lastKnownFileType = sourcecode.c.objc; path = main.m; sourceTree = "<group>"; };
		C792404513B723E4007BEB31 /* PAController.h */ = {isa = PBXFileReference; lastKnownFileType = sourcecode.c.h; path = PAController.h; sourceTree = "<group>"; };
		C792404613B723E4007BEB31 /* PAController.m */ = {isa = PBXFileReference; lastKnownFileType = sourcecode.c.objc; path = PAController.m; sourceTree = "<group>"; };
		C792406C13B7380F007BEB31 /* PARootViewController.h */ = {isa = PBXFileReference; fileEncoding = 4; lastKnownFileType = sourcecode.c.h; path = PARootViewController.h; sourceTree = "<group>"; };
		C792406D13B7380F007BEB31 /* PARootViewController.m */ = {isa = PBXFileReference; fileEncoding = 4; lastKnownFileType = sourcecode.c.objc; path = PARootViewController.m; sourceTree = "<group>"; };
		C792407513B78C69007BEB31 /* QuartzCore.framework */ = {isa = PBXFileReference; lastKnownFileType = wrapper.framework; name = QuartzCore.framework; path = System/Library/Frameworks/QuartzCore.framework; sourceTree = SDKROOT; };
		C792407713B7991A007BEB31 /* Photos.png */ = {isa = PBXFileReference; lastKnownFileType = image.png; path = Photos.png; sourceTree = "<group>"; };
		C792407913B79AB8007BEB31 /* Photos@2x.png */ = {isa = PBXFileReference; lastKnownFileType = image.png; path = "Photos@2x.png"; sourceTree = "<group>"; };
		C7B64F0113D09FDF00765C57 /* Icon-Small.png */ = {isa = PBXFileReference; lastKnownFileType = image.png; path = "Icon-Small.png"; sourceTree = "<group>"; };
		C7B64F0213D09FDF00765C57 /* Icon-Small@2x.png */ = {isa = PBXFileReference; lastKnownFileType = image.png; path = "Icon-Small@2x.png"; sourceTree = "<group>"; };
		C7B64F0313D09FDF00765C57 /* Icon.png */ = {isa = PBXFileReference; lastKnownFileType = image.png; path = Icon.png; sourceTree = "<group>"; };
		C7B64F0413D09FDF00765C57 /* Icon@2x.png */ = {isa = PBXFileReference; lastKnownFileType = image.png; path = "Icon@2x.png"; sourceTree = "<group>"; };
		C7E06A3113BCE8A0001E3999 /* PAConnection.h */ = {isa = PBXFileReference; fileEncoding = 4; lastKnownFileType = sourcecode.c.h; path = PAConnection.h; sourceTree = "<group>"; };
		C7E06A3213BCE8A0001E3999 /* PAConnection.m */ = {isa = PBXFileReference; fileEncoding = 4; lastKnownFileType = sourcecode.c.objc; path = PAConnection.m; sourceTree = "<group>"; };
		C7E535E213B8F369005F6F07 /* CFNetwork.framework */ = {isa = PBXFileReference; lastKnownFileType = wrapper.framework; name = CFNetwork.framework; path = System/Library/Frameworks/CFNetwork.framework; sourceTree = SDKROOT; };
		C7E535E413B90039005F6F07 /* Web */ = {isa = PBXFileReference; lastKnownFileType = folder; path = Web; sourceTree = "<group>"; };
		C7EB6DDA13ED51430040AE5C /* cocoahttpserver.xcodeproj */ = {isa = PBXFileReference; lastKnownFileType = "wrapper.pb-project"; name = cocoahttpserver.xcodeproj; path = cocoahttpserver/cocoahttpserver.xcodeproj; sourceTree = "<group>"; };
		C7F1F34113BF45B100F1DED1 /* PAPhotoResponse.h */ = {isa = PBXFileReference; fileEncoding = 4; lastKnownFileType = sourcecode.c.h; path = PAPhotoResponse.h; sourceTree = "<group>"; };
		C7F1F34213BF45B100F1DED1 /* PAPhotoResponse.m */ = {isa = PBXFileReference; fileEncoding = 4; lastKnownFileType = sourcecode.c.objc; path = PAPhotoResponse.m; sourceTree = "<group>"; };
/* End PBXFileReference section */

/* Begin PBXFrameworksBuildPhase section */
		C792402F13B723E4007BEB31 /* Frameworks */ = {
			isa = PBXFrameworksBuildPhase;
			buildActionMask = 2147483647;
			files = (
				C736C25913DB7E17008E12CC /* libBMKit.a in Frameworks */,
				C7EB6DE513ED516E0040AE5C /* libCocoaHTTPServerCore-iOS.a in Frameworks */,
				C7E535E313B8F369005F6F07 /* CFNetwork.framework in Frameworks */,
				C7595A3013B87685001219F6 /* CoreGraphics.framework in Frameworks */,
				C792403913B723E4007BEB31 /* Foundation.framework in Frameworks */,
				C711ECC813C4E7450099EAAA /* ImageIO.framework in Frameworks */,
				C70C20FA13D1AB5300FEA359 /* MessageUI.framework in Frameworks */,
				C7595A3213B8768A001219F6 /* MobileCoreServices.framework in Frameworks */,
				C792407613B78C69007BEB31 /* QuartzCore.framework in Frameworks */,
				C720930313C843B600397C66 /* SystemConfiguration.framework in Frameworks */,
				C792403713B723E4007BEB31 /* UIKit.framework in Frameworks */,
			);
			runOnlyForDeploymentPostprocessing = 0;
		};
/* End PBXFrameworksBuildPhase section */

/* Begin PBXGroup section */
		C711EC4E13C109D40099EAAA /* Vendor */ = {
			isa = PBXGroup;
			children = (
				C711EC5013C109F00099EAAA /* BMKit.xcodeproj */,
				C7EB6DDA13ED51430040AE5C /* cocoahttpserver.xcodeproj */,
			);
			path = Vendor;
			sourceTree = "<group>";
		};
		C711EC5113C109F00099EAAA /* Products */ = {
			isa = PBXGroup;
			children = (
				C711EC5813C109F10099EAAA /* libBMKit.a */,
			);
			name = Products;
			sourceTree = "<group>";
		};
		C711EC8F13C47C740099EAAA /* Domain */ = {
			isa = PBXGroup;
			children = (
				C711EC8C13C47C6D0099EAAA /* PAPhotoInfo.h */,
				C711EC8D13C47C6D0099EAAA /* PAPhotoInfo.m */,
			);
			name = Domain;
			sourceTree = "<group>";
		};
		C74E7E0213D0D1B400518E31 /* Launch Images */ = {
			isa = PBXGroup;
			children = (
				C74E7E0013D0D15600518E31 /* Default.png */,
				C74E7DFE13D0D0A600518E31 /* Default@2x.png */,
			);
			name = "Launch Images";
			sourceTree = "<group>";
		};
		C7595A3C13B89CCB001219F6 /* Controller */ = {
			isa = PBXGroup;
			children = (
				C792404513B723E4007BEB31 /* PAController.h */,
				C792404613B723E4007BEB31 /* PAController.m */,
				C742318713CA005300774CD1 /* PAInfoViewController.h */,
				C742318813CA005300774CD1 /* PAInfoViewController.m */,
				C72092F113C61ABB00397C66 /* PANetworkController.h */,
				C72092F213C61ABB00397C66 /* PANetworkController.m */,
				C792406C13B7380F007BEB31 /* PARootViewController.h */,
				C792406D13B7380F007BEB31 /* PARootViewController.m */,
			);
			name = Controller;
			sourceTree = "<group>";
		};
		C792402713B723E4007BEB31 = {
			isa = PBXGroup;
			children = (
				C792405013B72435007BEB31 /* Classes */,
				C792405113B7247D007BEB31 /* Resources */,
				C792403D13B723E4007BEB31 /* Other Sources */,
				C711EC4E13C109D40099EAAA /* Vendor */,
				C792403513B723E4007BEB31 /* Frameworks */,
				C792403313B723E4007BEB31 /* Products */,
			);
			sourceTree = "<group>";
		};
		C792403313B723E4007BEB31 /* Products */ = {
			isa = PBXGroup;
			children = (
				C792403213B723E4007BEB31 /* PhotoAccess.app */,
			);
			name = Products;
			sourceTree = "<group>";
		};
		C792403513B723E4007BEB31 /* Frameworks */ = {
			isa = PBXGroup;
			children = (
				C7E535E213B8F369005F6F07 /* CFNetwork.framework */,
				C7595A2F13B87685001219F6 /* CoreGraphics.framework */,
				C792403813B723E4007BEB31 /* Foundation.framework */,
				C711ECC713C4E7450099EAAA /* ImageIO.framework */,
				C70C20F913D1AB5300FEA359 /* MessageUI.framework */,
				C7595A3113B8768A001219F6 /* MobileCoreServices.framework */,
				C792407513B78C69007BEB31 /* QuartzCore.framework */,
				C720930213C843B500397C66 /* SystemConfiguration.framework */,
				C792403613B723E4007BEB31 /* UIKit.framework */,
			);
			name = Frameworks;
			sourceTree = "<group>";
		};
		C792403D13B723E4007BEB31 /* Other Sources */ = {
			isa = PBXGroup;
			children = (
				C792404213B723E4007BEB31 /* PhotoAccess-Prefix.pch */,
				C792404313B723E4007BEB31 /* main.m */,
			);
			name = "Other Sources";
			sourceTree = "<group>";
		};
		C792405013B72435007BEB31 /* Classes */ = {
			isa = PBXGroup;
			children = (
				C711EC8F13C47C740099EAAA /* Domain */,
				C7E06A3013BCE87A001E3999 /* HTTP */,
				C7595A3C13B89CCB001219F6 /* Controller */,
			);
			path = Classes;
			sourceTree = "<group>";
		};
		C792405113B7247D007BEB31 /* Resources */ = {
			isa = PBXGroup;
			children = (
				C7B64EFE13D09FCF00765C57 /* Icons */,
				C792406813B733E9007BEB31 /* Images */,
				C792406413B725BF007BEB31 /* IBFiles */,
				C74E7E0213D0D1B400518E31 /* Launch Images */,
				C7E535E413B90039005F6F07 /* Web */,
				C792403E13B723E4007BEB31 /* Info.plist */,
				C77A255813DDE04100887011 /* Localizable.strings */,
			);
			name = Resources;
			sourceTree = "<group>";
		};
		C792406413B725BF007BEB31 /* IBFiles */ = {
			isa = PBXGroup;
			children = (
				C74597D613DE08B900357B27 /* InfoViewController.xib */,
				C77A255E13DE036C00887011 /* RootViewController.xib */,
			);
			path = IBFiles;
			sourceTree = "<group>";
		};
		C792406813B733E9007BEB31 /* Images */ = {
			isa = PBXGroup;
			children = (
				C742319013CA1A0900774CD1 /* Screenshot.png */,
				C742318E13CA17A800774CD1 /* Screenshot@2x.png */,
				C720930413C88C2C00397C66 /* Download.png */,
				C7595A2813B7C6D6001219F6 /* ImageBackground.png */,
				C7595A2913B7C6D6001219F6 /* ImageBackground@2x.png */,
				C7595A2213B7C1D0001219F6 /* Logo.png */,
				C7595A2313B7C1D0001219F6 /* Logo@2x.png */,
				C792407713B7991A007BEB31 /* Photos.png */,
				C792407913B79AB8007BEB31 /* Photos@2x.png */,
				C742314C13C8C01000774CD1 /* Warning.png */,
				C742314D13C8C01000774CD1 /* Warning@2x.png */,
			);
			path = Images;
			sourceTree = "<group>";
		};
		C7B64EFE13D09FCF00765C57 /* Icons */ = {
			isa = PBXGroup;
			children = (
				C7B64F0113D09FDF00765C57 /* Icon-Small.png */,
				C7B64F0213D09FDF00765C57 /* Icon-Small@2x.png */,
				C7B64F0313D09FDF00765C57 /* Icon.png */,
				C7B64F0413D09FDF00765C57 /* Icon@2x.png */,
			);
			name = Icons;
			sourceTree = "<group>";
		};
		C7E06A3013BCE87A001E3999 /* HTTP */ = {
			isa = PBXGroup;
			children = (
				C7E06A3113BCE8A0001E3999 /* PAConnection.h */,
				C7E06A3213BCE8A0001E3999 /* PAConnection.m */,
				C7F1F34113BF45B100F1DED1 /* PAPhotoResponse.h */,
				C7F1F34213BF45B100F1DED1 /* PAPhotoResponse.m */,
			);
			name = HTTP;
			sourceTree = "<group>";
		};
		C7EB6DDB13ED51430040AE5C /* Products */ = {
			isa = PBXGroup;
			children = (
				C7EB6DE213ED51440040AE5C /* libCocoaHTTPServerCore-iOS.a */,
			);
			name = Products;
			sourceTree = "<group>";
		};
/* End PBXGroup section */

/* Begin PBXNativeTarget section */
		C792403113B723E4007BEB31 /* PhotoAccess */ = {
			isa = PBXNativeTarget;
			buildConfigurationList = C792404D13B723E4007BEB31 /* Build configuration list for PBXNativeTarget "PhotoAccess" */;
			buildPhases = (
				C792402E13B723E4007BEB31 /* Sources */,
				C792402F13B723E4007BEB31 /* Frameworks */,
				C736C28C13DC20D5008E12CC /* Set Version */,
				C792403013B723E4007BEB31 /* Resources */,
			);
			buildRules = (
			);
			dependencies = (
				C711EC5A13C10A060099EAAA /* PBXTargetDependency */,
				C7EB6DE413ED51640040AE5C /* PBXTargetDependency */,
			);
			name = PhotoAccess;
			productName = PhotoAccess;
			productReference = C792403213B723E4007BEB31 /* PhotoAccess.app */;
			productType = "com.apple.product-type.application";
		};
/* End PBXNativeTarget section */

/* Begin PBXProject section */
		C792402913B723E4007BEB31 /* Project object */ = {
			isa = PBXProject;
			attributes = {
				LastUpgradeCheck = 0410;
				ORGANIZATIONNAME = "Benedikt Meurer";
			};
			buildConfigurationList = C792402C13B723E4007BEB31 /* Build configuration list for PBXProject "PhotoAccess" */;
			compatibilityVersion = "Xcode 3.2";
			developmentRegion = English;
			hasScannedForEncodings = 0;
			knownRegions = (
				en,
				de,
				English,
			);
			mainGroup = C792402713B723E4007BEB31;
			productRefGroup = C792403313B723E4007BEB31 /* Products */;
			projectDirPath = "";
			projectReferences = (
				{
					ProductGroup = C711EC5113C109F00099EAAA /* Products */;
					ProjectRef = C711EC5013C109F00099EAAA /* BMKit.xcodeproj */;
				},
				{
					ProductGroup = C7EB6DDB13ED51430040AE5C /* Products */;
					ProjectRef = C7EB6DDA13ED51430040AE5C /* cocoahttpserver.xcodeproj */;
				},
			);
			projectRoot = "";
			targets = (
				C792403113B723E4007BEB31 /* PhotoAccess */,
			);
		};
/* End PBXProject section */

/* Begin PBXReferenceProxy section */
		C711EC5813C109F10099EAAA /* libBMKit.a */ = {
			isa = PBXReferenceProxy;
			fileType = archive.ar;
			path = libBMKit.a;
			remoteRef = C711EC5713C109F10099EAAA /* PBXContainerItemProxy */;
			sourceTree = BUILT_PRODUCTS_DIR;
		};
		C7EB6DE213ED51440040AE5C /* libCocoaHTTPServerCore-iOS.a */ = {
			isa = PBXReferenceProxy;
			fileType = archive.ar;
			path = "libCocoaHTTPServerCore-iOS.a";
			remoteRef = C7EB6DE113ED51440040AE5C /* PBXContainerItemProxy */;
			sourceTree = BUILT_PRODUCTS_DIR;
		};
/* End PBXReferenceProxy section */

/* Begin PBXResourcesBuildPhase section */
		C792403013B723E4007BEB31 /* Resources */ = {
			isa = PBXResourcesBuildPhase;
			buildActionMask = 2147483647;
			files = (
				C792407813B7991A007BEB31 /* Photos.png in Resources */,
				C792407A13B79AB8007BEB31 /* Photos@2x.png in Resources */,
				C7595A2413B7C1D0001219F6 /* Logo.png in Resources */,
				C7595A2513B7C1D0001219F6 /* Logo@2x.png in Resources */,
				C7595A2C13B7C6D6001219F6 /* ImageBackground.png in Resources */,
				C7595A2D13B7C6D6001219F6 /* ImageBackground@2x.png in Resources */,
				C7E535E513B90039005F6F07 /* Web in Resources */,
				C720930513C88C2C00397C66 /* Download.png in Resources */,
				C742314E13C8C01000774CD1 /* Warning.png in Resources */,
				C742314F13C8C01000774CD1 /* Warning@2x.png in Resources */,
				C74597D413DE08B900357B27 /* InfoViewController.xib in Resources */,
				C742318F13CA17A800774CD1 /* Screenshot@2x.png in Resources */,
				C742319113CA1A0900774CD1 /* Screenshot.png in Resources */,
				C7B64F0813D09FDF00765C57 /* Icon-Small.png in Resources */,
				C7B64F0913D09FDF00765C57 /* Icon-Small@2x.png in Resources */,
				C7B64F0A13D09FDF00765C57 /* Icon.png in Resources */,
				C7B64F0B13D09FDF00765C57 /* Icon@2x.png in Resources */,
				C74E7DFF13D0D0A600518E31 /* Default@2x.png in Resources */,
				C74E7E0113D0D15600518E31 /* Default.png in Resources */,
				C77A255C13DE036C00887011 /* RootViewController.xib in Resources */,
				C77A255A13DDE04100887011 /* Localizable.strings in Resources */,
			);
			runOnlyForDeploymentPostprocessing = 0;
		};
/* End PBXResourcesBuildPhase section */

/* Begin PBXShellScriptBuildPhase section */
		C736C28C13DC20D5008E12CC /* Set Version */ = {
			isa = PBXShellScriptBuildPhase;
			buildActionMask = 12;
			files = (
			);
			inputPaths = (
			);
			name = "Set Version";
			outputPaths = (
			);
			runOnlyForDeploymentPostprocessing = 0;
			shellPath = /bin/bash;
			shellScript = "# Update the CFBundleShortVersionString in the generated Info.plist using the most recent Git tag.\n# Idea taken from http://tinyurl.com/3usjj9d by Joachim Bondo.\n\n# Get the current release description from Git.\nGIT_RELEASE_VERSION=`git describe --tags`\n\n# Set the CFBundleShortVersionString in the generated Info.plist (stripping off the leading \"v\").\ndefaults write \"${BUILT_PRODUCTS_DIR}/${INFOPLIST_PATH%.*}\" \"CFBundleShortVersionString\" \"${GIT_RELEASE_VERSION#*v}\"";
			showEnvVarsInLog = 0;
		};
/* End PBXShellScriptBuildPhase section */

/* Begin PBXSourcesBuildPhase section */
		C792402E13B723E4007BEB31 /* Sources */ = {
			isa = PBXSourcesBuildPhase;
			buildActionMask = 2147483647;
			files = (
				C792404413B723E4007BEB31 /* main.m in Sources */,
				C792404713B723E4007BEB31 /* PAController.m in Sources */,
				C792406F13B7380F007BEB31 /* PARootViewController.m in Sources */,
				C7E06A3313BCE8A0001E3999 /* PAConnection.m in Sources */,
				C7F1F34313BF45B100F1DED1 /* PAPhotoResponse.m in Sources */,
				C711EC8E13C47C6D0099EAAA /* PAPhotoInfo.m in Sources */,
				C72092F313C61ABB00397C66 /* PANetworkController.m in Sources */,
				C742318A13CA005300774CD1 /* PAInfoViewController.m in Sources */,
			);
			runOnlyForDeploymentPostprocessing = 0;
		};
/* End PBXSourcesBuildPhase section */

/* Begin PBXTargetDependency section */
		C711EC5A13C10A060099EAAA /* PBXTargetDependency */ = {
			isa = PBXTargetDependency;
			name = BMKit;
			targetProxy = C711EC5913C10A060099EAAA /* PBXContainerItemProxy */;
		};
		C7EB6DE413ED51640040AE5C /* PBXTargetDependency */ = {
			isa = PBXTargetDependency;
			name = "CocoaHTTPServerCore-iOS";
			targetProxy = C7EB6DE313ED51640040AE5C /* PBXContainerItemProxy */;
		};
/* End PBXTargetDependency section */

/* Begin PBXVariantGroup section */
		C74597D613DE08B900357B27 /* InfoViewController.xib */ = {
			isa = PBXVariantGroup;
			children = (
				C74597D513DE08B900357B27 /* en */,
				C74597D713DE08DB00357B27 /* de */,
			);
			name = InfoViewController.xib;
			sourceTree = "<group>";
		};
		C77A255813DDE04100887011 /* Localizable.strings */ = {
			isa = PBXVariantGroup;
			children = (
				C77A255913DDE04100887011 /* en */,
				C77A255B13DDE05700887011 /* de */,
			);
			name = Localizable.strings;
			sourceTree = "<group>";
		};
		C77A255E13DE036C00887011 /* RootViewController.xib */ = {
			isa = PBXVariantGroup;
			children = (
				C77A255D13DE036C00887011 /* en */,
				C77A255F13DE061F00887011 /* de */,
			);
			name = RootViewController.xib;
			sourceTree = "<group>";
		};
/* End PBXVariantGroup section */

/* Begin XCBuildConfiguration section */
		C792404B13B723E4007BEB31 /* Debug */ = {
			isa = XCBuildConfiguration;
			buildSettings = {
				ALWAYS_SEARCH_USER_PATHS = YES;
				ARCHS = "$(ARCHS_STANDARD_32_BIT)";
				"CODE_SIGN_IDENTITY[sdk=iphoneos*]" = "iPhone Developer";
				CURRENT_PROJECT_VERSION = 5;
				GCC_C_LANGUAGE_STANDARD = gnu99;
				GCC_OPTIMIZATION_LEVEL = 0;
				GCC_PREPROCESSOR_DEFINITIONS = DEBUG;
				GCC_SYMBOLS_PRIVATE_EXTERN = NO;
				GCC_VERSION = com.apple.compilers.llvmgcc42;
				GCC_WARN_ABOUT_RETURN_TYPE = YES;
				GCC_WARN_UNUSED_VARIABLE = YES;
				HEADER_SEARCH_PATHS = (
					"Vendor/cocoahttpserver/**",
					Vendor/BMKit,
				);
				IPHONEOS_DEPLOYMENT_TARGET = 4.1;
				OTHER_LDFLAGS = (
					"-ObjC",
					"-all_load",
				);
				SDKROOT = iphoneos;
				VERSIONING_SYSTEM = "apple-generic";
			};
			name = Debug;
		};
		C792404C13B723E4007BEB31 /* Release */ = {
			isa = XCBuildConfiguration;
			buildSettings = {
				ALWAYS_SEARCH_USER_PATHS = YES;
				ARCHS = "$(ARCHS_STANDARD_32_BIT)";
				"CODE_SIGN_IDENTITY[sdk=iphoneos*]" = "iPhone Distribution";
				CURRENT_PROJECT_VERSION = 5;
				GCC_C_LANGUAGE_STANDARD = gnu99;
				GCC_PREPROCESSOR_DEFINITIONS = NS_BLOCK_ASSERTIONS;
				GCC_VERSION = com.apple.compilers.llvmgcc42;
				GCC_WARN_ABOUT_RETURN_TYPE = YES;
				GCC_WARN_UNUSED_VARIABLE = YES;
				HEADER_SEARCH_PATHS = (
					"Vendor/cocoahttpserver/**",
					Vendor/BMKit,
				);
				IPHONEOS_DEPLOYMENT_TARGET = 4.1;
				OTHER_CFLAGS = "-DNS_BLOCK_ASSERTIONS=1";
				OTHER_LDFLAGS = (
					"-ObjC",
					"-all_load",
				);
				"PROVISIONING_PROFILE[sdk=iphoneos*]" = "";
				SDKROOT = iphoneos;
				VERSIONING_SYSTEM = "apple-generic";
			};
			name = Release;
		};
		C792404E13B723E4007BEB31 /* Debug */ = {
			isa = XCBuildConfiguration;
			buildSettings = {
				ALWAYS_SEARCH_USER_PATHS = NO;
				COPY_PHASE_STRIP = NO;
				GCC_DYNAMIC_NO_PIC = NO;
				GCC_PRECOMPILE_PREFIX_HEADER = YES;
				GCC_PREFIX_HEADER = "PhotoAccess-Prefix.pch";
				GCC_VERSION = com.apple.compilers.llvmgcc42;
				GCC_WARN_EFFECTIVE_CPLUSPLUS_VIOLATIONS = YES;
				GCC_WARN_PEDANTIC = NO;
				GCC_WARN_SIGN_COMPARE = NO;
				GCC_WARN_UNDECLARED_SELECTOR = NO;
				GCC_WARN_UNKNOWN_PRAGMAS = YES;
				GCC_WARN_UNUSED_FUNCTION = YES;
				GCC_WARN_UNUSED_LABEL = YES;
				INFOPLIST_FILE = Info.plist;
				IPHONEOS_DEPLOYMENT_TARGET = 4.1;
				LIBRARY_SEARCH_PATHS = (
					"$(inherited)",
					"\"$(SRCROOT)\"",
				);
				PRODUCT_NAME = "$(TARGET_NAME)";
				STRIP_STYLE = debugging;
				WRAPPER_EXTENSION = app;
			};
			name = Debug;
		};
		C792404F13B723E4007BEB31 /* Release */ = {
			isa = XCBuildConfiguration;
			buildSettings = {
				ALWAYS_SEARCH_USER_PATHS = NO;
				COPY_PHASE_STRIP = YES;
				GCC_GENERATE_DEBUGGING_SYMBOLS = NO;
				GCC_OPTIMIZATION_LEVEL = 3;
				GCC_PRECOMPILE_PREFIX_HEADER = YES;
				GCC_PREFIX_HEADER = "PhotoAccess-Prefix.pch";
				GCC_PREPROCESSOR_DEFINITIONS = NS_BLOCK_ASSERTIONS;
				GCC_VERSION = com.apple.compilers.llvmgcc42;
				GCC_WARN_EFFECTIVE_CPLUSPLUS_VIOLATIONS = YES;
				GCC_WARN_PEDANTIC = NO;
				GCC_WARN_SIGN_COMPARE = NO;
				GCC_WARN_UNDECLARED_SELECTOR = NO;
				GCC_WARN_UNKNOWN_PRAGMAS = YES;
				GCC_WARN_UNUSED_FUNCTION = YES;
				GCC_WARN_UNUSED_LABEL = YES;
				INFOPLIST_FILE = Info.plist;
				IPHONEOS_DEPLOYMENT_TARGET = 4.1;
				LIBRARY_SEARCH_PATHS = (
					"$(inherited)",
					"\"$(SRCROOT)\"",
				);
				PRODUCT_NAME = "$(TARGET_NAME)";
				SKIP_INSTALL = NO;
				STRIP_INSTALLED_PRODUCT = YES;
				STRIP_STYLE = debugging;
				VALIDATE_PRODUCT = YES;
				WRAPPER_EXTENSION = app;
			};
			name = Release;
		};
/* End XCBuildConfiguration section */

/* Begin XCConfigurationList section */
		C792402C13B723E4007BEB31 /* Build configuration list for PBXProject "PhotoAccess" */ = {
			isa = XCConfigurationList;
			buildConfigurations = (
				C792404B13B723E4007BEB31 /* Debug */,
				C792404C13B723E4007BEB31 /* Release */,
			);
			defaultConfigurationIsVisible = 0;
			defaultConfigurationName = Release;
		};
		C792404D13B723E4007BEB31 /* Build configuration list for PBXNativeTarget "PhotoAccess" */ = {
			isa = XCConfigurationList;
			buildConfigurations = (
				C792404E13B723E4007BEB31 /* Debug */,
				C792404F13B723E4007BEB31 /* Release */,
			);
			defaultConfigurationIsVisible = 0;
			defaultConfigurationName = Release;
		};
/* End XCConfigurationList section */
	};
	rootObject = C792402913B723E4007BEB31 /* Project object */;
}
