// !$*UTF8*$!
{
	archiveVersion = 1;
	classes = {
	};
	objectVersion = 46;
	objects = {

/* Begin PBXBuildFile section */
		C7595A2413B7C1D0001219F6 /* Logo.png in Resources */ = {isa = PBXBuildFile; fileRef = C7595A2213B7C1D0001219F6 /* Logo.png */; };
		C7595A2513B7C1D0001219F6 /* Logo@2x.png in Resources */ = {isa = PBXBuildFile; fileRef = C7595A2313B7C1D0001219F6 /* Logo@2x.png */; };
		C7595A2C13B7C6D6001219F6 /* ImageBackground.png in Resources */ = {isa = PBXBuildFile; fileRef = C7595A2813B7C6D6001219F6 /* ImageBackground.png */; };
		C7595A2D13B7C6D6001219F6 /* ImageBackground@2x.png in Resources */ = {isa = PBXBuildFile; fileRef = C7595A2913B7C6D6001219F6 /* ImageBackground@2x.png */; };
		C7595A3013B87685001219F6 /* CoreGraphics.framework in Frameworks */ = {isa = PBXBuildFile; fileRef = C7595A2F13B87685001219F6 /* CoreGraphics.framework */; };
		C7595A3213B8768A001219F6 /* MobileCoreServices.framework in Frameworks */ = {isa = PBXBuildFile; fileRef = C7595A3113B8768A001219F6 /* MobileCoreServices.framework */; };
		C7595A4913B8A34D001219F6 /* UIImage+Resize.m in Sources */ = {isa = PBXBuildFile; fileRef = C7595A4813B8A34D001219F6 /* UIImage+Resize.m */; };
		C7595A4E13B8A3FC001219F6 /* UIImage+Alpha.m in Sources */ = {isa = PBXBuildFile; fileRef = C7595A4B13B8A3FC001219F6 /* UIImage+Alpha.m */; };
		C7595A4F13B8A3FC001219F6 /* UIImage+RoundedCorner.m in Sources */ = {isa = PBXBuildFile; fileRef = C7595A4D13B8A3FC001219F6 /* UIImage+RoundedCorner.m */; };
		C7595A8413B8C420001219F6 /* UIImagePickerController+PhotoAccess.m in Sources */ = {isa = PBXBuildFile; fileRef = C7595A8313B8C420001219F6 /* UIImagePickerController+PhotoAccess.m */; };
		C792403713B723E4007BEB31 /* UIKit.framework in Frameworks */ = {isa = PBXBuildFile; fileRef = C792403613B723E4007BEB31 /* UIKit.framework */; };
		C792403913B723E4007BEB31 /* Foundation.framework in Frameworks */ = {isa = PBXBuildFile; fileRef = C792403813B723E4007BEB31 /* Foundation.framework */; };
		C792404413B723E4007BEB31 /* main.m in Sources */ = {isa = PBXBuildFile; fileRef = C792404313B723E4007BEB31 /* main.m */; };
		C792404713B723E4007BEB31 /* PAAppDelegate.m in Sources */ = {isa = PBXBuildFile; fileRef = C792404613B723E4007BEB31 /* PAAppDelegate.m */; };
		C792406713B725E4007BEB31 /* MainWindow.xib in Resources */ = {isa = PBXBuildFile; fileRef = C792406613B725E4007BEB31 /* MainWindow.xib */; };
		C792406F13B7380F007BEB31 /* PARootViewController.m in Sources */ = {isa = PBXBuildFile; fileRef = C792406D13B7380F007BEB31 /* PARootViewController.m */; };
		C792407013B7380F007BEB31 /* RootViewController.xib in Resources */ = {isa = PBXBuildFile; fileRef = C792406E13B7380F007BEB31 /* RootViewController.xib */; };
		C792407313B789D7007BEB31 /* Background.png in Resources */ = {isa = PBXBuildFile; fileRef = C792407113B789D7007BEB31 /* Background.png */; };
		C792407413B789D7007BEB31 /* Background@2x.png in Resources */ = {isa = PBXBuildFile; fileRef = C792407213B789D7007BEB31 /* Background@2x.png */; };
		C792407613B78C69007BEB31 /* QuartzCore.framework in Frameworks */ = {isa = PBXBuildFile; fileRef = C792407513B78C69007BEB31 /* QuartzCore.framework */; };
		C792407813B7991A007BEB31 /* Photos.png in Resources */ = {isa = PBXBuildFile; fileRef = C792407713B7991A007BEB31 /* Photos.png */; };
		C792407A13B79AB8007BEB31 /* Photos@2x.png in Resources */ = {isa = PBXBuildFile; fileRef = C792407913B79AB8007BEB31 /* Photos@2x.png */; };
/* End PBXBuildFile section */

/* Begin PBXFileReference section */
		C7595A2213B7C1D0001219F6 /* Logo.png */ = {isa = PBXFileReference; lastKnownFileType = image.png; path = Logo.png; sourceTree = "<group>"; };
		C7595A2313B7C1D0001219F6 /* Logo@2x.png */ = {isa = PBXFileReference; lastKnownFileType = image.png; path = "Logo@2x.png"; sourceTree = "<group>"; };
		C7595A2813B7C6D6001219F6 /* ImageBackground.png */ = {isa = PBXFileReference; lastKnownFileType = image.png; path = ImageBackground.png; sourceTree = "<group>"; };
		C7595A2913B7C6D6001219F6 /* ImageBackground@2x.png */ = {isa = PBXFileReference; lastKnownFileType = image.png; path = "ImageBackground@2x.png"; sourceTree = "<group>"; };
		C7595A2F13B87685001219F6 /* CoreGraphics.framework */ = {isa = PBXFileReference; lastKnownFileType = wrapper.framework; name = CoreGraphics.framework; path = System/Library/Frameworks/CoreGraphics.framework; sourceTree = SDKROOT; };
		C7595A3113B8768A001219F6 /* MobileCoreServices.framework */ = {isa = PBXFileReference; lastKnownFileType = wrapper.framework; name = MobileCoreServices.framework; path = System/Library/Frameworks/MobileCoreServices.framework; sourceTree = SDKROOT; };
		C7595A4713B8A34D001219F6 /* UIImage+Resize.h */ = {isa = PBXFileReference; fileEncoding = 4; lastKnownFileType = sourcecode.c.h; path = "UIImage+Resize.h"; sourceTree = "<group>"; };
		C7595A4813B8A34D001219F6 /* UIImage+Resize.m */ = {isa = PBXFileReference; fileEncoding = 4; lastKnownFileType = sourcecode.c.objc; path = "UIImage+Resize.m"; sourceTree = "<group>"; };
		C7595A4A13B8A3FC001219F6 /* UIImage+Alpha.h */ = {isa = PBXFileReference; fileEncoding = 4; lastKnownFileType = sourcecode.c.h; path = "UIImage+Alpha.h"; sourceTree = "<group>"; };
		C7595A4B13B8A3FC001219F6 /* UIImage+Alpha.m */ = {isa = PBXFileReference; fileEncoding = 4; lastKnownFileType = sourcecode.c.objc; path = "UIImage+Alpha.m"; sourceTree = "<group>"; };
		C7595A4C13B8A3FC001219F6 /* UIImage+RoundedCorner.h */ = {isa = PBXFileReference; fileEncoding = 4; lastKnownFileType = sourcecode.c.h; path = "UIImage+RoundedCorner.h"; sourceTree = "<group>"; };
		C7595A4D13B8A3FC001219F6 /* UIImage+RoundedCorner.m */ = {isa = PBXFileReference; fileEncoding = 4; lastKnownFileType = sourcecode.c.objc; path = "UIImage+RoundedCorner.m"; sourceTree = "<group>"; };
		C7595A8213B8C420001219F6 /* UIImagePickerController+PhotoAccess.h */ = {isa = PBXFileReference; fileEncoding = 4; lastKnownFileType = sourcecode.c.h; path = "UIImagePickerController+PhotoAccess.h"; sourceTree = "<group>"; };
		C7595A8313B8C420001219F6 /* UIImagePickerController+PhotoAccess.m */ = {isa = PBXFileReference; fileEncoding = 4; lastKnownFileType = sourcecode.c.objc; path = "UIImagePickerController+PhotoAccess.m"; sourceTree = "<group>"; };
		C792403213B723E4007BEB31 /* PhotoAccess.app */ = {isa = PBXFileReference; explicitFileType = wrapper.application; includeInIndex = 0; path = PhotoAccess.app; sourceTree = BUILT_PRODUCTS_DIR; };
		C792403613B723E4007BEB31 /* UIKit.framework */ = {isa = PBXFileReference; lastKnownFileType = wrapper.framework; name = UIKit.framework; path = System/Library/Frameworks/UIKit.framework; sourceTree = SDKROOT; };
		C792403813B723E4007BEB31 /* Foundation.framework */ = {isa = PBXFileReference; lastKnownFileType = wrapper.framework; name = Foundation.framework; path = System/Library/Frameworks/Foundation.framework; sourceTree = SDKROOT; };
		C792403E13B723E4007BEB31 /* Info.plist */ = {isa = PBXFileReference; lastKnownFileType = text.plist.xml; path = Info.plist; sourceTree = "<group>"; };
		C792404213B723E4007BEB31 /* PhotoAccess-Prefix.pch */ = {isa = PBXFileReference; lastKnownFileType = sourcecode.c.h; path = "PhotoAccess-Prefix.pch"; sourceTree = "<group>"; };
		C792404313B723E4007BEB31 /* main.m */ = {isa = PBXFileReference; lastKnownFileType = sourcecode.c.objc; path = main.m; sourceTree = "<group>"; };
		C792404513B723E4007BEB31 /* PAAppDelegate.h */ = {isa = PBXFileReference; lastKnownFileType = sourcecode.c.h; path = PAAppDelegate.h; sourceTree = "<group>"; };
		C792404613B723E4007BEB31 /* PAAppDelegate.m */ = {isa = PBXFileReference; lastKnownFileType = sourcecode.c.objc; path = PAAppDelegate.m; sourceTree = "<group>"; };
		C792405A13B724CD007BEB31 /* LICENSE */ = {isa = PBXFileReference; fileEncoding = 4; lastKnownFileType = text; path = LICENSE; sourceTree = "<group>"; };
		C792406613B725E4007BEB31 /* MainWindow.xib */ = {isa = PBXFileReference; fileEncoding = 4; lastKnownFileType = file.xib; path = MainWindow.xib; sourceTree = "<group>"; };
		C792406C13B7380F007BEB31 /* PARootViewController.h */ = {isa = PBXFileReference; fileEncoding = 4; lastKnownFileType = sourcecode.c.h; path = PARootViewController.h; sourceTree = "<group>"; };
		C792406D13B7380F007BEB31 /* PARootViewController.m */ = {isa = PBXFileReference; fileEncoding = 4; lastKnownFileType = sourcecode.c.objc; path = PARootViewController.m; sourceTree = "<group>"; };
		C792406E13B7380F007BEB31 /* RootViewController.xib */ = {isa = PBXFileReference; fileEncoding = 4; lastKnownFileType = file.xib; path = RootViewController.xib; sourceTree = "<group>"; };
		C792407113B789D7007BEB31 /* Background.png */ = {isa = PBXFileReference; lastKnownFileType = image.png; path = Background.png; sourceTree = "<group>"; };
		C792407213B789D7007BEB31 /* Background@2x.png */ = {isa = PBXFileReference; lastKnownFileType = image.png; path = "Background@2x.png"; sourceTree = "<group>"; };
		C792407513B78C69007BEB31 /* QuartzCore.framework */ = {isa = PBXFileReference; lastKnownFileType = wrapper.framework; name = QuartzCore.framework; path = System/Library/Frameworks/QuartzCore.framework; sourceTree = SDKROOT; };
		C792407713B7991A007BEB31 /* Photos.png */ = {isa = PBXFileReference; lastKnownFileType = image.png; path = Photos.png; sourceTree = "<group>"; };
		C792407913B79AB8007BEB31 /* Photos@2x.png */ = {isa = PBXFileReference; lastKnownFileType = image.png; path = "Photos@2x.png"; sourceTree = "<group>"; };
/* End PBXFileReference section */

/* Begin PBXFrameworksBuildPhase section */
		C792402F13B723E4007BEB31 /* Frameworks */ = {
			isa = PBXFrameworksBuildPhase;
			buildActionMask = 2147483647;
			files = (
				C7595A3013B87685001219F6 /* CoreGraphics.framework in Frameworks */,
				C792403913B723E4007BEB31 /* Foundation.framework in Frameworks */,
				C7595A3213B8768A001219F6 /* MobileCoreServices.framework in Frameworks */,
				C792407613B78C69007BEB31 /* QuartzCore.framework in Frameworks */,
				C792403713B723E4007BEB31 /* UIKit.framework in Frameworks */,
			);
			runOnlyForDeploymentPostprocessing = 0;
		};
/* End PBXFrameworksBuildPhase section */

/* Begin PBXGroup section */
		C7595A3C13B89CCB001219F6 /* View Controller */ = {
			isa = PBXGroup;
			children = (
				C792406C13B7380F007BEB31 /* PARootViewController.h */,
				C792406D13B7380F007BEB31 /* PARootViewController.m */,
			);
			name = "View Controller";
			sourceTree = "<group>";
		};
		C7595A4213B8A2B4001219F6 /* External */ = {
			isa = PBXGroup;
			children = (
				C7595A4313B8A2C0001219F6 /* TrevorHarmon */,
			);
			path = External;
			sourceTree = "<group>";
		};
		C7595A4313B8A2C0001219F6 /* TrevorHarmon */ = {
			isa = PBXGroup;
			children = (
				C7595A4A13B8A3FC001219F6 /* UIImage+Alpha.h */,
				C7595A4B13B8A3FC001219F6 /* UIImage+Alpha.m */,
				C7595A4713B8A34D001219F6 /* UIImage+Resize.h */,
				C7595A4813B8A34D001219F6 /* UIImage+Resize.m */,
				C7595A4C13B8A3FC001219F6 /* UIImage+RoundedCorner.h */,
				C7595A4D13B8A3FC001219F6 /* UIImage+RoundedCorner.m */,
			);
			path = TrevorHarmon;
			sourceTree = "<group>";
		};
		C7595A8013B8C3E2001219F6 /* Extensions */ = {
			isa = PBXGroup;
			children = (
				C7595A8213B8C420001219F6 /* UIImagePickerController+PhotoAccess.h */,
				C7595A8313B8C420001219F6 /* UIImagePickerController+PhotoAccess.m */,
			);
			path = Extensions;
			sourceTree = "<group>";
		};
		C792402713B723E4007BEB31 = {
			isa = PBXGroup;
			children = (
				C792405013B72435007BEB31 /* Classes */,
				C792405113B7247D007BEB31 /* Resources */,
				C792403D13B723E4007BEB31 /* Other Sources */,
				C792403513B723E4007BEB31 /* Frameworks */,
				C792403313B723E4007BEB31 /* Products */,
			);
			sourceTree = "<group>";
		};
		C792403313B723E4007BEB31 /* Products */ = {
			isa = PBXGroup;
			children = (
				C792403213B723E4007BEB31 /* PhotoAccess.app */,
			);
			name = Products;
			sourceTree = "<group>";
		};
		C792403513B723E4007BEB31 /* Frameworks */ = {
			isa = PBXGroup;
			children = (
				C7595A2F13B87685001219F6 /* CoreGraphics.framework */,
				C792403813B723E4007BEB31 /* Foundation.framework */,
				C7595A3113B8768A001219F6 /* MobileCoreServices.framework */,
				C792407513B78C69007BEB31 /* QuartzCore.framework */,
				C792403613B723E4007BEB31 /* UIKit.framework */,
			);
			name = Frameworks;
			sourceTree = "<group>";
		};
		C792403D13B723E4007BEB31 /* Other Sources */ = {
			isa = PBXGroup;
			children = (
				C792404213B723E4007BEB31 /* PhotoAccess-Prefix.pch */,
				C792404313B723E4007BEB31 /* main.m */,
			);
			name = "Other Sources";
			sourceTree = "<group>";
		};
		C792405013B72435007BEB31 /* Classes */ = {
			isa = PBXGroup;
			children = (
				C7595A4213B8A2B4001219F6 /* External */,
				C7595A8013B8C3E2001219F6 /* Extensions */,
				C7595A3C13B89CCB001219F6 /* View Controller */,
				C792404513B723E4007BEB31 /* PAAppDelegate.h */,
				C792404613B723E4007BEB31 /* PAAppDelegate.m */,
			);
			path = Classes;
			sourceTree = "<group>";
		};
		C792405113B7247D007BEB31 /* Resources */ = {
			isa = PBXGroup;
			children = (
				C792406813B733E9007BEB31 /* Images */,
				C792406413B725BF007BEB31 /* IBFiles */,
				C792403E13B723E4007BEB31 /* Info.plist */,
				C792405A13B724CD007BEB31 /* LICENSE */,
			);
			name = Resources;
			sourceTree = "<group>";
		};
		C792406413B725BF007BEB31 /* IBFiles */ = {
			isa = PBXGroup;
			children = (
				C792406613B725E4007BEB31 /* MainWindow.xib */,
				C792406E13B7380F007BEB31 /* RootViewController.xib */,
			);
			path = IBFiles;
			sourceTree = "<group>";
		};
		C792406813B733E9007BEB31 /* Images */ = {
			isa = PBXGroup;
			children = (
				C7595A2813B7C6D6001219F6 /* ImageBackground.png */,
				C7595A2913B7C6D6001219F6 /* ImageBackground@2x.png */,
				C7595A2213B7C1D0001219F6 /* Logo.png */,
				C7595A2313B7C1D0001219F6 /* Logo@2x.png */,
				C792407713B7991A007BEB31 /* Photos.png */,
				C792407913B79AB8007BEB31 /* Photos@2x.png */,
				C792407113B789D7007BEB31 /* Background.png */,
				C792407213B789D7007BEB31 /* Background@2x.png */,
			);
			path = Images;
			sourceTree = "<group>";
		};
/* End PBXGroup section */

/* Begin PBXNativeTarget section */
		C792403113B723E4007BEB31 /* PhotoAccess */ = {
			isa = PBXNativeTarget;
			buildConfigurationList = C792404D13B723E4007BEB31 /* Build configuration list for PBXNativeTarget "PhotoAccess" */;
			buildPhases = (
				C792402E13B723E4007BEB31 /* Sources */,
				C792402F13B723E4007BEB31 /* Frameworks */,
				C792403013B723E4007BEB31 /* Resources */,
			);
			buildRules = (
			);
			dependencies = (
			);
			name = PhotoAccess;
			productName = PhotoAccess;
			productReference = C792403213B723E4007BEB31 /* PhotoAccess.app */;
			productType = "com.apple.product-type.application";
		};
/* End PBXNativeTarget section */

/* Begin PBXProject section */
		C792402913B723E4007BEB31 /* Project object */ = {
			isa = PBXProject;
			attributes = {
				ORGANIZATIONNAME = "Benedikt Meurer";
			};
			buildConfigurationList = C792402C13B723E4007BEB31 /* Build configuration list for PBXProject "PhotoAccess" */;
			compatibilityVersion = "Xcode 3.2";
			developmentRegion = English;
			hasScannedForEncodings = 0;
			knownRegions = (
				en,
			);
			mainGroup = C792402713B723E4007BEB31;
			productRefGroup = C792403313B723E4007BEB31 /* Products */;
			projectDirPath = "";
			projectRoot = "";
			targets = (
				C792403113B723E4007BEB31 /* PhotoAccess */,
			);
		};
/* End PBXProject section */

/* Begin PBXResourcesBuildPhase section */
		C792403013B723E4007BEB31 /* Resources */ = {
			isa = PBXResourcesBuildPhase;
			buildActionMask = 2147483647;
			files = (
				C792406713B725E4007BEB31 /* MainWindow.xib in Resources */,
				C792407013B7380F007BEB31 /* RootViewController.xib in Resources */,
				C792407313B789D7007BEB31 /* Background.png in Resources */,
				C792407413B789D7007BEB31 /* Background@2x.png in Resources */,
				C792407813B7991A007BEB31 /* Photos.png in Resources */,
				C792407A13B79AB8007BEB31 /* Photos@2x.png in Resources */,
				C7595A2413B7C1D0001219F6 /* Logo.png in Resources */,
				C7595A2513B7C1D0001219F6 /* Logo@2x.png in Resources */,
				C7595A2C13B7C6D6001219F6 /* ImageBackground.png in Resources */,
				C7595A2D13B7C6D6001219F6 /* ImageBackground@2x.png in Resources */,
			);
			runOnlyForDeploymentPostprocessing = 0;
		};
/* End PBXResourcesBuildPhase section */

/* Begin PBXSourcesBuildPhase section */
		C792402E13B723E4007BEB31 /* Sources */ = {
			isa = PBXSourcesBuildPhase;
			buildActionMask = 2147483647;
			files = (
				C792404413B723E4007BEB31 /* main.m in Sources */,
				C792404713B723E4007BEB31 /* PAAppDelegate.m in Sources */,
				C792406F13B7380F007BEB31 /* PARootViewController.m in Sources */,
				C7595A4913B8A34D001219F6 /* UIImage+Resize.m in Sources */,
				C7595A4E13B8A3FC001219F6 /* UIImage+Alpha.m in Sources */,
				C7595A4F13B8A3FC001219F6 /* UIImage+RoundedCorner.m in Sources */,
				C7595A8413B8C420001219F6 /* UIImagePickerController+PhotoAccess.m in Sources */,
			);
			runOnlyForDeploymentPostprocessing = 0;
		};
/* End PBXSourcesBuildPhase section */

/* Begin XCBuildConfiguration section */
		C792404B13B723E4007BEB31 /* Debug */ = {
			isa = XCBuildConfiguration;
			buildSettings = {
				ARCHS = "$(ARCHS_STANDARD_32_BIT)";
				"CODE_SIGN_IDENTITY[sdk=iphoneos*]" = "iPhone Developer";
				GCC_C_LANGUAGE_STANDARD = gnu99;
				GCC_OPTIMIZATION_LEVEL = 0;
				GCC_PREPROCESSOR_DEFINITIONS = DEBUG;
				GCC_SYMBOLS_PRIVATE_EXTERN = NO;
				GCC_VERSION = com.apple.compilers.llvmgcc42;
				GCC_WARN_ABOUT_RETURN_TYPE = YES;
				GCC_WARN_UNUSED_VARIABLE = YES;
				IPHONEOS_DEPLOYMENT_TARGET = 4.3;
				SDKROOT = iphoneos;
			};
			name = Debug;
		};
		C792404C13B723E4007BEB31 /* Release */ = {
			isa = XCBuildConfiguration;
			buildSettings = {
				ARCHS = "$(ARCHS_STANDARD_32_BIT)";
				"CODE_SIGN_IDENTITY[sdk=iphoneos*]" = "iPhone Developer";
				GCC_C_LANGUAGE_STANDARD = gnu99;
				GCC_VERSION = com.apple.compilers.llvmgcc42;
				GCC_WARN_ABOUT_RETURN_TYPE = YES;
				GCC_WARN_UNUSED_VARIABLE = YES;
				IPHONEOS_DEPLOYMENT_TARGET = 4.3;
				OTHER_CFLAGS = "-DNS_BLOCK_ASSERTIONS=1";
				SDKROOT = iphoneos;
			};
			name = Release;
		};
		C792404E13B723E4007BEB31 /* Debug */ = {
			isa = XCBuildConfiguration;
			buildSettings = {
				ALWAYS_SEARCH_USER_PATHS = NO;
				COPY_PHASE_STRIP = NO;
				GCC_DYNAMIC_NO_PIC = NO;
				GCC_PRECOMPILE_PREFIX_HEADER = YES;
				GCC_PREFIX_HEADER = "PhotoAccess-Prefix.pch";
				INFOPLIST_FILE = Info.plist;
				PRODUCT_NAME = "$(TARGET_NAME)";
				WRAPPER_EXTENSION = app;
			};
			name = Debug;
		};
		C792404F13B723E4007BEB31 /* Release */ = {
			isa = XCBuildConfiguration;
			buildSettings = {
				ALWAYS_SEARCH_USER_PATHS = NO;
				COPY_PHASE_STRIP = YES;
				GCC_PRECOMPILE_PREFIX_HEADER = YES;
				GCC_PREFIX_HEADER = "PhotoAccess-Prefix.pch";
				INFOPLIST_FILE = Info.plist;
				PRODUCT_NAME = "$(TARGET_NAME)";
				VALIDATE_PRODUCT = YES;
				WRAPPER_EXTENSION = app;
			};
			name = Release;
		};
/* End XCBuildConfiguration section */

/* Begin XCConfigurationList section */
		C792402C13B723E4007BEB31 /* Build configuration list for PBXProject "PhotoAccess" */ = {
			isa = XCConfigurationList;
			buildConfigurations = (
				C792404B13B723E4007BEB31 /* Debug */,
				C792404C13B723E4007BEB31 /* Release */,
			);
			defaultConfigurationIsVisible = 0;
			defaultConfigurationName = Release;
		};
		C792404D13B723E4007BEB31 /* Build configuration list for PBXNativeTarget "PhotoAccess" */ = {
			isa = XCConfigurationList;
			buildConfigurations = (
				C792404E13B723E4007BEB31 /* Debug */,
				C792404F13B723E4007BEB31 /* Release */,
			);
			defaultConfigurationIsVisible = 0;
			defaultConfigurationName = Release;
		};
/* End XCConfigurationList section */
	};
	rootObject = C792402913B723E4007BEB31 /* Project object */;
}
