// !$*UTF8*$!
{
	archiveVersion = 1;
	classes = {
	};
	objectVersion = 46;
	objects = {

/* Begin PBXBuildFile section */
		C792403713B723E4007BEB31 /* UIKit.framework in Frameworks */ = {isa = PBXBuildFile; fileRef = C792403613B723E4007BEB31 /* UIKit.framework */; };
		C792403913B723E4007BEB31 /* Foundation.framework in Frameworks */ = {isa = PBXBuildFile; fileRef = C792403813B723E4007BEB31 /* Foundation.framework */; };
		C792403B13B723E4007BEB31 /* CoreGraphics.framework in Frameworks */ = {isa = PBXBuildFile; fileRef = C792403A13B723E4007BEB31 /* CoreGraphics.framework */; };
		C792404113B723E4007BEB31 /* InfoPlist.strings in Resources */ = {isa = PBXBuildFile; fileRef = C792403F13B723E4007BEB31 /* InfoPlist.strings */; };
		C792404413B723E4007BEB31 /* main.m in Sources */ = {isa = PBXBuildFile; fileRef = C792404313B723E4007BEB31 /* main.m */; };
		C792404713B723E4007BEB31 /* PhotoAccessAppDelegate.m in Sources */ = {isa = PBXBuildFile; fileRef = C792404613B723E4007BEB31 /* PhotoAccessAppDelegate.m */; };
		C792404A13B723E4007BEB31 /* MainWindow.xib in Resources */ = {isa = PBXBuildFile; fileRef = C792404813B723E4007BEB31 /* MainWindow.xib */; };
/* End PBXBuildFile section */

/* Begin PBXFileReference section */
		C792403213B723E4007BEB31 /* PhotoAccess.app */ = {isa = PBXFileReference; explicitFileType = wrapper.application; includeInIndex = 0; path = PhotoAccess.app; sourceTree = BUILT_PRODUCTS_DIR; };
		C792403613B723E4007BEB31 /* UIKit.framework */ = {isa = PBXFileReference; lastKnownFileType = wrapper.framework; name = UIKit.framework; path = System/Library/Frameworks/UIKit.framework; sourceTree = SDKROOT; };
		C792403813B723E4007BEB31 /* Foundation.framework */ = {isa = PBXFileReference; lastKnownFileType = wrapper.framework; name = Foundation.framework; path = System/Library/Frameworks/Foundation.framework; sourceTree = SDKROOT; };
		C792403A13B723E4007BEB31 /* CoreGraphics.framework */ = {isa = PBXFileReference; lastKnownFileType = wrapper.framework; name = CoreGraphics.framework; path = System/Library/Frameworks/CoreGraphics.framework; sourceTree = SDKROOT; };
		C792403E13B723E4007BEB31 /* PhotoAccess-Info.plist */ = {isa = PBXFileReference; path = "PhotoAccess-Info.plist"; sourceTree = "<group>"; };
		C792404013B723E4007BEB31 /* en */ = {isa = PBXFileReference; lastKnownFileType = text.plist.strings; name = en; path = en.lproj/InfoPlist.strings; sourceTree = "<group>"; };
		C792404213B723E4007BEB31 /* PhotoAccess-Prefix.pch */ = {isa = PBXFileReference; path = "PhotoAccess-Prefix.pch"; sourceTree = "<group>"; };
		C792404313B723E4007BEB31 /* main.m */ = {isa = PBXFileReference; lastKnownFileType = sourcecode.c.objc; path = main.m; sourceTree = "<group>"; };
		C792404513B723E4007BEB31 /* PhotoAccessAppDelegate.h */ = {isa = PBXFileReference; path = PhotoAccessAppDelegate.h; sourceTree = "<group>"; };
		C792404613B723E4007BEB31 /* PhotoAccessAppDelegate.m */ = {isa = PBXFileReference; lastKnownFileType = sourcecode.c.objc; path = PhotoAccessAppDelegate.m; sourceTree = "<group>"; };
		C792404913B723E4007BEB31 /* en */ = {isa = PBXFileReference; lastKnownFileType = file.xib; name = en; path = en.lproj/MainWindow.xib; sourceTree = "<group>"; };
/* End PBXFileReference section */

/* Begin PBXFrameworksBuildPhase section */
		C792402F13B723E4007BEB31 /* Frameworks */ = {
			isa = PBXFrameworksBuildPhase;
			buildActionMask = 2147483647;
			files = (
				C792403713B723E4007BEB31 /* UIKit.framework in Frameworks */,
				C792403913B723E4007BEB31 /* Foundation.framework in Frameworks */,
				C792403B13B723E4007BEB31 /* CoreGraphics.framework in Frameworks */,
			);
			runOnlyForDeploymentPostprocessing = 0;
		};
/* End PBXFrameworksBuildPhase section */

/* Begin PBXGroup section */
		C792402713B723E4007BEB31 = {
			isa = PBXGroup;
			children = (
				C792403C13B723E4007BEB31 /* PhotoAccess */,
				C792403513B723E4007BEB31 /* Frameworks */,
				C792403313B723E4007BEB31 /* Products */,
			);
			sourceTree = "<group>";
		};
		C792403313B723E4007BEB31 /* Products */ = {
			isa = PBXGroup;
			children = (
				C792403213B723E4007BEB31 /* PhotoAccess.app */,
			);
			name = Products;
			sourceTree = "<group>";
		};
		C792403513B723E4007BEB31 /* Frameworks */ = {
			isa = PBXGroup;
			children = (
				C792403613B723E4007BEB31 /* UIKit.framework */,
				C792403813B723E4007BEB31 /* Foundation.framework */,
				C792403A13B723E4007BEB31 /* CoreGraphics.framework */,
			);
			name = Frameworks;
			sourceTree = "<group>";
		};
		C792403C13B723E4007BEB31 /* PhotoAccess */ = {
			isa = PBXGroup;
			children = (
				C792404513B723E4007BEB31 /* PhotoAccessAppDelegate.h */,
				C792404613B723E4007BEB31 /* PhotoAccessAppDelegate.m */,
				C792404813B723E4007BEB31 /* MainWindow.xib */,
				C792403D13B723E4007BEB31 /* Supporting Files */,
			);
			path = PhotoAccess;
			sourceTree = "<group>";
		};
		C792403D13B723E4007BEB31 /* Supporting Files */ = {
			isa = PBXGroup;
			children = (
				C792403E13B723E4007BEB31 /* PhotoAccess-Info.plist */,
				C792403F13B723E4007BEB31 /* InfoPlist.strings */,
				C792404213B723E4007BEB31 /* PhotoAccess-Prefix.pch */,
				C792404313B723E4007BEB31 /* main.m */,
			);
			name = "Supporting Files";
			sourceTree = "<group>";
		};
/* End PBXGroup section */

/* Begin PBXNativeTarget section */
		C792403113B723E4007BEB31 /* PhotoAccess */ = {
			isa = PBXNativeTarget;
			buildConfigurationList = C792404D13B723E4007BEB31 /* Build configuration list for PBXNativeTarget "PhotoAccess" */;
			buildPhases = (
				C792402E13B723E4007BEB31 /* Sources */,
				C792402F13B723E4007BEB31 /* Frameworks */,
				C792403013B723E4007BEB31 /* Resources */,
			);
			buildRules = (
			);
			dependencies = (
			);
			name = PhotoAccess;
			productName = PhotoAccess;
			productReference = C792403213B723E4007BEB31 /* PhotoAccess.app */;
			productType = "com.apple.product-type.application";
		};
/* End PBXNativeTarget section */

/* Begin PBXProject section */
		C792402913B723E4007BEB31 /* Project object */ = {
			isa = PBXProject;
			attributes = {
				ORGANIZATIONNAME = "Universität Siegen";
			};
			buildConfigurationList = C792402C13B723E4007BEB31 /* Build configuration list for PBXProject "PhotoAccess" */;
			compatibilityVersion = "Xcode 3.2";
			developmentRegion = English;
			hasScannedForEncodings = 0;
			knownRegions = (
				en,
			);
			mainGroup = C792402713B723E4007BEB31;
			productRefGroup = C792403313B723E4007BEB31 /* Products */;
			projectDirPath = "";
			projectRoot = "";
			targets = (
				C792403113B723E4007BEB31 /* PhotoAccess */,
			);
		};
/* End PBXProject section */

/* Begin PBXResourcesBuildPhase section */
		C792403013B723E4007BEB31 /* Resources */ = {
			isa = PBXResourcesBuildPhase;
			buildActionMask = 2147483647;
			files = (
				C792404113B723E4007BEB31 /* InfoPlist.strings in Resources */,
				C792404A13B723E4007BEB31 /* MainWindow.xib in Resources */,
			);
			runOnlyForDeploymentPostprocessing = 0;
		};
/* End PBXResourcesBuildPhase section */

/* Begin PBXSourcesBuildPhase section */
		C792402E13B723E4007BEB31 /* Sources */ = {
			isa = PBXSourcesBuildPhase;
			buildActionMask = 2147483647;
			files = (
				C792404413B723E4007BEB31 /* main.m in Sources */,
				C792404713B723E4007BEB31 /* PhotoAccessAppDelegate.m in Sources */,
			);
			runOnlyForDeploymentPostprocessing = 0;
		};
/* End PBXSourcesBuildPhase section */

/* Begin PBXVariantGroup section */
		C792403F13B723E4007BEB31 /* InfoPlist.strings */ = {
			isa = PBXVariantGroup;
			children = (
				C792404013B723E4007BEB31 /* en */,
			);
			name = InfoPlist.strings;
			sourceTree = "<group>";
		};
		C792404813B723E4007BEB31 /* MainWindow.xib */ = {
			isa = PBXVariantGroup;
			children = (
				C792404913B723E4007BEB31 /* en */,
			);
			name = MainWindow.xib;
			sourceTree = "<group>";
		};
/* End PBXVariantGroup section */

/* Begin XCBuildConfiguration section */
		C792404B13B723E4007BEB31 /* Debug */ = {
			isa = XCBuildConfiguration;
			buildSettings = {
				ARCHS = "$(ARCHS_STANDARD_32_BIT)";
				"CODE_SIGN_IDENTITY[sdk=iphoneos*]" = "iPhone Developer";
				GCC_C_LANGUAGE_STANDARD = gnu99;
				GCC_OPTIMIZATION_LEVEL = 0;
				GCC_PREPROCESSOR_DEFINITIONS = DEBUG;
				GCC_SYMBOLS_PRIVATE_EXTERN = NO;
				GCC_VERSION = com.apple.compilers.llvmgcc42;
				GCC_WARN_ABOUT_RETURN_TYPE = YES;
				GCC_WARN_UNUSED_VARIABLE = YES;
				IPHONEOS_DEPLOYMENT_TARGET = 4.3;
				SDKROOT = iphoneos;
			};
			name = Debug;
		};
		C792404C13B723E4007BEB31 /* Release */ = {
			isa = XCBuildConfiguration;
			buildSettings = {
				ARCHS = "$(ARCHS_STANDARD_32_BIT)";
				"CODE_SIGN_IDENTITY[sdk=iphoneos*]" = "iPhone Developer";
				GCC_C_LANGUAGE_STANDARD = gnu99;
				GCC_VERSION = com.apple.compilers.llvmgcc42;
				GCC_WARN_ABOUT_RETURN_TYPE = YES;
				GCC_WARN_UNUSED_VARIABLE = YES;
				IPHONEOS_DEPLOYMENT_TARGET = 4.3;
				OTHER_CFLAGS = "-DNS_BLOCK_ASSERTIONS=1";
				SDKROOT = iphoneos;
			};
			name = Release;
		};
		C792404E13B723E4007BEB31 /* Debug */ = {
			isa = XCBuildConfiguration;
			buildSettings = {
				ALWAYS_SEARCH_USER_PATHS = NO;
				COPY_PHASE_STRIP = NO;
				GCC_DYNAMIC_NO_PIC = NO;
				GCC_PRECOMPILE_PREFIX_HEADER = YES;
				GCC_PREFIX_HEADER = "PhotoAccess/PhotoAccess-Prefix.pch";
				INFOPLIST_FILE = "PhotoAccess/PhotoAccess-Info.plist";
				PRODUCT_NAME = "$(TARGET_NAME)";
				WRAPPER_EXTENSION = app;
			};
			name = Debug;
		};
		C792404F13B723E4007BEB31 /* Release */ = {
			isa = XCBuildConfiguration;
			buildSettings = {
				ALWAYS_SEARCH_USER_PATHS = NO;
				COPY_PHASE_STRIP = YES;
				GCC_PRECOMPILE_PREFIX_HEADER = YES;
				GCC_PREFIX_HEADER = "PhotoAccess/PhotoAccess-Prefix.pch";
				INFOPLIST_FILE = "PhotoAccess/PhotoAccess-Info.plist";
				PRODUCT_NAME = "$(TARGET_NAME)";
				VALIDATE_PRODUCT = YES;
				WRAPPER_EXTENSION = app;
			};
			name = Release;
		};
/* End XCBuildConfiguration section */

/* Begin XCConfigurationList section */
		C792402C13B723E4007BEB31 /* Build configuration list for PBXProject "PhotoAccess" */ = {
			isa = XCConfigurationList;
			buildConfigurations = (
				C792404B13B723E4007BEB31 /* Debug */,
				C792404C13B723E4007BEB31 /* Release */,
			);
			defaultConfigurationIsVisible = 0;
			defaultConfigurationName = Release;
		};
		C792404D13B723E4007BEB31 /* Build configuration list for PBXNativeTarget "PhotoAccess" */ = {
			isa = XCConfigurationList;
			buildConfigurations = (
				C792404E13B723E4007BEB31 /* Debug */,
				C792404F13B723E4007BEB31 /* Release */,
			);
			defaultConfigurationIsVisible = 0;
		};
/* End XCConfigurationList section */
	};
	rootObject = C792402913B723E4007BEB31 /* Project object */;
}
